
Microsoft Visual Studio Solution File, Format Version 12.00
# Visual Studio 2013
VisualStudioVersion = 12.0.40629.0
MinimumVisualStudioVersion = 10.0.40219.1
Project("{FAE04EC0-301F-11D3-BF4B-00C04F79EFBC}") = "RunLengthsProcessor", "RunLengthsProcessor\RunLengthsProcessor.csproj", "{202F6A92-AF66-4174-A1E2-F672B8C8E763}"
EndProject
Project("{FAE04EC0-301F-11D3-BF4B-00C04F79EFBC}") = "RunLengthsProcessor.Tests", "RunLengthsProcessor.Tests\RunLengthsProcessor.Tests.csproj", "{4D1737A7-D5B5-443E-945A-D49979B3942A}"
EndProject
Global
	GlobalSection(SolutionConfigurationPlatforms) = preSolution
		Debug|Any CPU = Debug|Any CPU
		Release|Any CPU = Release|Any CPU
	EndGlobalSection
	GlobalSection(ProjectConfigurationPlatforms) = postSolution
		{202F6A92-AF66-4174-A1E2-F672B8C8E763}.Debug|Any CPU.ActiveCfg = Debug|Any CPU
		{202F6A92-AF66-4174-A1E2-F672B8C8E763}.Debug|Any CPU.Build.0 = Debug|Any CPU
		{202F6A92-AF66-4174-A1E2-F672B8C8E763}.Release|Any CPU.ActiveCfg = Release|Any CPU
		{202F6A92-AF66-4174-A1E2-F672B8C8E763}.Release|Any CPU.Build.0 = Release|Any CPU
		{4D1737A7-D5B5-443E-945A-D49979B3942A}.Debug|Any CPU.ActiveCfg = Debug|Any CPU
		{4D1737A7-D5B5-443E-945A-D49979B3942A}.Debug|Any CPU.Build.0 = Debug|Any CPU
		{4D1737A7-D5B5-443E-945A-D49979B3942A}.Release|Any CPU.ActiveCfg = Release|Any CPU
		{4D1737A7-D5B5-443E-945A-D49979B3942A}.Release|Any CPU.Build.0 = Release|Any CPU
	EndGlobalSection
	GlobalSection(SolutionProperties) = preSolution
		HideSolutionNode = FALSE
	EndGlobalSection
EndGlobal
